{
  "name": "deno-pre-commit",
  "version": "0.0.1",
  "lockfileVersion": 3,
  "requires": true,
  "packages": {
    "": {
      "name": "deno-pre-commit",
      "version": "0.0.1",
      "license": "MIT",
      "dependencies": {
        "deno": "2.2.5"
      }
    },
    "node_modules/@deno/darwin-arm64": {
      "version": "2.2.5",
      "resolved": "https://registry.npmjs.org/@deno/darwin-arm64/-/darwin-arm64-2.2.5.tgz",
      "integrity": "sha512-cVhxn1d1b2Zi14dDCmFwftzMx7jp6YlIWIuQFxr8Grw01GehLF/smfg4LQHyrmJUrnli24+JrhX2ScQhIZPxkQ==",
      "cpu": [
        "arm64"
      ],
      "license": "MIT",
      "optional": true,
      "os": [
        "darwin"
      ]
    },
    "node_modules/@deno/darwin-x64": {
      "version": "2.2.5",
      "resolved": "https://registry.npmjs.org/@deno/darwin-x64/-/darwin-x64-2.2.5.tgz",
      "integrity": "sha512-eifSaAcrd3KbIKDcKZNeGAexDqRX2WOfxfOOgZLmqN9Cb91Zhu+biVzXZlAIZ3g3+/QRplrHeBLnYK0ylWApBA==",
      "cpu": [
        "x64"
      ],
      "license": "MIT",
      "optional": true,
      "os": [
        "darwin"
      ]
    },
    "node_modules/@deno/linux-arm64-glibc": {
      "version": "2.2.5",
      "resolved": "https://registry.npmjs.org/@deno/linux-arm64-glibc/-/linux-arm64-glibc-2.2.5.tgz",
      "integrity": "sha512-wVYWSmI0Oe1PALTVUjOFVuW/ltmqHDR5v9emnOvFlQc8lC2BTrkGPfzSLFaeN5Ovzf0CGVqfVwTp+NW7SB2a4g==",
      "cpu": [
        "arm64"
      ],
      "license": "MIT",
      "optional": true,
      "os": [
        "linux"
      ]
    },
    "node_modules/@deno/linux-x64-glibc": {
      "version": "2.2.5",
      "resolved": "https://registry.npmjs.org/@deno/linux-x64-glibc/-/linux-x64-glibc-2.2.5.tgz",
      "integrity": "sha512-Hs2S2Y4QGZYlT2e2/9sOoVd3CPjLh9OE4BkARe4PXaKrcXJl/t9Wbm76y47MlVI23Im85Ye2OL3rIvR/r+pBrg==",
      "cpu": [
        "x64"
      ],
      "license": "MIT",
      "optional": true,
      "os": [
        "linux"
      ]
    },
    "node_modules/@deno/win32-arm64": {
      "version": "2.2.5",
      "resolved": "https://registry.npmjs.org/@deno/win32-arm64/-/win32-arm64-2.2.5.tgz",
      "integrity": "sha512-17Z5C4lAmAG2mb+BaiDMgNp1hwXD2U2gK22j4P4mV9RWpURfsALE0EztZIMaRidPmaudRQOIGkPk2y0BcYTyXg==",
      "cpu": [
        "arm64"
      ],
      "license": "MIT",
      "optional": true,
      "os": [
        "win32"
      ]
    },
    "node_modules/@deno/win32-x64": {
      "version": "2.2.5",
      "resolved": "https://registry.npmjs.org/@deno/win32-x64/-/win32-x64-2.2.5.tgz",
      "integrity": "sha512-132FjiqHvxXfKr+97z1Uht7C5wECQwQMbzHgVGaWZ3i2wDsz1pFDnR1C1CfHkotusqE98ipQ/iN6nNuMbCWrDg==",
      "cpu": [
        "x64"
      ],
      "license": "MIT",
      "optional": true,
      "os": [
        "win32"
      ]
    },
    "node_modules/deno": {
      "version": "2.2.5",
      "resolved": "https://registry.npmjs.org/deno/-/deno-2.2.5.tgz",
      "integrity": "sha512-7ULpCqkp36I9MDvqFoNmkPYQCbgij9PK35I4KDWwb8h5Iw9KFzITtPW2bwlKrEKxAxayAEv43DQncDdCsFNIaw==",
      "hasInstallScript": true,
      "license": "MIT",
      "bin": {
        "deno": "bin.cjs"
      },
      "optionalDependencies": {
        "@deno/darwin-arm64": "2.2.5",
        "@deno/darwin-x64": "2.2.5",
        "@deno/linux-arm64-glibc": "2.2.5",
        "@deno/linux-x64-glibc": "2.2.5",
        "@deno/win32-arm64": "2.2.5",
        "@deno/win32-x64": "2.2.5"
      }
    }
  }
}
