{
  "name": "deno-pre-commit",
  "version": "0.0.1",
  "lockfileVersion": 3,
  "requires": true,
  "packages": {
    "": {
      "name": "deno-pre-commit",
      "version": "0.0.1",
      "license": "MIT",
      "dependencies": {
        "deno": "1.46.0"
      }
    },
    "node_modules/@deno/darwin-arm64": {
      "version": "1.46.0",
      "resolved": "https://registry.npmjs.org/@deno/darwin-arm64/-/darwin-arm64-1.46.0.tgz",
      "integrity": "sha512-r/aK3bll5ZlNIqzz66MeUsfa2/g+XqW1JySjwDZMuog+YBOffxlBuaoxEJTCQzEcJSG79j6oxu2wmUYQ99MZMA==",
      "cpu": [
        "arm64"
      ],
      "license": "MIT",
      "optional": true,
      "os": [
        "darwin"
      ]
    },
    "node_modules/@deno/darwin-x64": {
      "version": "1.46.0",
      "resolved": "https://registry.npmjs.org/@deno/darwin-x64/-/darwin-x64-1.46.0.tgz",
      "integrity": "sha512-jOVJUWPIB5oJvEOGuG+CjiSFy9rkjo1jJP9DuZIE3GTi7NeH39foAYBX5oxBxemZMTF55HoxfL2Q66vu8y525A==",
      "cpu": [
        "x64"
      ],
      "license": "MIT",
      "optional": true,
      "os": [
        "darwin"
      ]
    },
    "node_modules/@deno/linux-arm64-glibc": {
      "version": "1.46.0",
      "resolved": "https://registry.npmjs.org/@deno/linux-arm64-glibc/-/linux-arm64-glibc-1.46.0.tgz",
      "integrity": "sha512-xGJtRZM0p9fXmOK/XQ7AJ0a2giztVIoex7QA+rm936P19WUWoLO2kBNZQsbITJcfnRxBU8vV3m/MLO436gFxlg==",
      "cpu": [
        "arm64"
      ],
      "license": "MIT",
      "optional": true,
      "os": [
        "linux"
      ]
    },
    "node_modules/@deno/linux-x64-glibc": {
      "version": "1.46.0",
      "resolved": "https://registry.npmjs.org/@deno/linux-x64-glibc/-/linux-x64-glibc-1.46.0.tgz",
      "integrity": "sha512-27y4zsAOWHNK4nGbMO6ar33OBd7mEqEjnHcZwyFMDyecj5E7zRmwXgp3vnvG4iQ82qf4CWTXyaOHC9O7vhLavA==",
      "cpu": [
        "x64"
      ],
      "license": "MIT",
      "optional": true,
      "os": [
        "linux"
      ]
    },
    "node_modules/@deno/win32-arm64": {
      "version": "1.46.0",
      "resolved": "https://registry.npmjs.org/@deno/win32-arm64/-/win32-arm64-1.46.0.tgz",
      "integrity": "sha512-doSssEvuX2mb5Fd0VMBeSQX/xwkr/ybnxtKgFQ8heysvvu8hMGwUVt+ET5vDoAx6Cz3HJaNfwLNwk559lV8M6w==",
      "cpu": [
        "arm64"
      ],
      "license": "MIT",
      "optional": true,
      "os": [
        "win32"
      ]
    },
    "node_modules/@deno/win32-x64": {
      "version": "1.46.0",
      "resolved": "https://registry.npmjs.org/@deno/win32-x64/-/win32-x64-1.46.0.tgz",
      "integrity": "sha512-BLqI3QSHFyBjGC8hLnRUwg0OVsOyOtAtJg9qmS9/enJcPFZoXREC5Yk6FpBvXAlBHC1AxXsJ2y2kQFkifJLMQA==",
      "cpu": [
        "x64"
      ],
      "license": "MIT",
      "optional": true,
      "os": [
        "win32"
      ]
    },
    "node_modules/deno": {
      "version": "1.46.0",
      "resolved": "https://registry.npmjs.org/deno/-/deno-1.46.0.tgz",
      "integrity": "sha512-ExI94lT0dkMYr4fv1pToV902dOI1spyTlqui06IPXAA66DimJDDNhp3m4K2lna9O174Bwxf07qTw4FyGElRXyw==",
      "hasInstallScript": true,
      "license": "MIT",
      "bin": {
        "deno": "bin.cjs"
      },
      "optionalDependencies": {
        "@deno/darwin-arm64": "1.46.0",
        "@deno/darwin-x64": "1.46.0",
        "@deno/linux-arm64-glibc": "1.46.0",
        "@deno/linux-x64-glibc": "1.46.0",
        "@deno/win32-arm64": "1.46.0",
        "@deno/win32-x64": "1.46.0"
      }
    }
  }
}
